
Microsoft Visual Studio Solution File, Format Version 12.00
# Visual Studio Version 17
VisualStudioVersion = 17.11.35303.130
MinimumVisualStudioVersion = 10.0.40219.1
Project("{8BC9CEB8-8B4A-11D0-8D11-00A0C91BC942}") = "lab3", "lab3.vcxproj", "{EFEFD47E-1DEB-4ED8-995C-43148E406D96}"
EndProject
Global
	GlobalSection(SolutionConfigurationPlatforms) = preSolution
		Debug|x64 = Debug|x64
		Debug|x86 = Debug|x86
		Release|x64 = Release|x64
		Release|x86 = Release|x86
	EndGlobalSection
	GlobalSection(ProjectConfigurationPlatforms) = postSolution
		{EFEFD47E-1DEB-4ED8-995C-43148E406D96}.Debug|x64.ActiveCfg = Debug|x64
		{EFEFD47E-1DEB-4ED8-995C-43148E406D96}.Debug|x64.Build.0 = Debug|x64
		{EFEFD47E-1DEB-4ED8-995C-43148E406D96}.Debug|x86.ActiveCfg = Debug|Win32
		{EFEFD47E-1DEB-4ED8-995C-43148E406D96}.Debug|x86.Build.0 = Debug|Win32
		{EFEFD47E-1DEB-4ED8-995C-43148E406D96}.Release|x64.ActiveCfg = Release|x64
		{EFEFD47E-1DEB-4ED8-995C-43148E406D96}.Release|x64.Build.0 = Release|x64
		{EFEFD47E-1DEB-4ED8-995C-43148E406D96}.Release|x86.ActiveCfg = Release|Win32
		{EFEFD47E-1DEB-4ED8-995C-43148E406D96}.Release|x86.Build.0 = Release|Win32
	EndGlobalSection
	GlobalSection(SolutionProperties) = preSolution
		HideSolutionNode = FALSE
	EndGlobalSection
	GlobalSection(ExtensibilityGlobals) = postSolution
		SolutionGuid = {47BA90D1-4429-46ED-A323-E842AE7024A7}
	EndGlobalSection
EndGlobal
